// !$*UTF8*$!
{
	archiveVersion = 1;
	classes = {
	};
	objectVersion = 46;
	objects = {

/* Begin PBXFileReference section */
		04A7398F1A7A2D7B0060AA82 /* SMFoundation.h */ = {isa = PBXFileReference; lastKnownFileType = sourcecode.c.h; path = SMFoundation.h; sourceTree = "<group>"; };
		04A739901A7A2D870060AA82 /* SMCommon.h */ = {isa = PBXFileReference; lastKnownFileType = sourcecode.c.h; path = SMCommon.h; sourceTree = "<group>"; };
		04A739911A7A2E260060AA82 /* NSString+SMFoundation.h */ = {isa = PBXFileReference; lastKnownFileType = sourcecode.c.h; path = "NSString+SMFoundation.h"; sourceTree = "<group>"; };
		04A739921A7A2E260060AA82 /* NSString+SMFoundation.m */ = {isa = PBXFileReference; lastKnownFileType = sourcecode.c.objc; path = "NSString+SMFoundation.m"; sourceTree = "<group>"; };
/* End PBXFileReference section */

/* Begin PBXGroup section */
		04A739881A7A259C0060AA82 = {
			isa = PBXGroup;
			children = (
				04A7398F1A7A2D7B0060AA82 /* SMFoundation.h */,
				04A739901A7A2D870060AA82 /* SMCommon.h */,
				04A739911A7A2E260060AA82 /* NSString+SMFoundation.h */,
				04A739921A7A2E260060AA82 /* NSString+SMFoundation.m */,
			);
			sourceTree = "<group>";
		};
/* End PBXGroup section */

/* Begin PBXProject section */
		04A739891A7A259C0060AA82 /* Project object */ = {
			isa = PBXProject;
			attributes = {
				LastUpgradeCheck = 0610;
			};
			buildConfigurationList = 04A7398C1A7A259C0060AA82 /* Build configuration list for PBXProject "SMFoundation" */;
			compatibilityVersion = "Xcode 3.2";
			developmentRegion = English;
			hasScannedForEncodings = 0;
			knownRegions = (
				en,
			);
			mainGroup = 04A739881A7A259C0060AA82;
			projectDirPath = "";
			projectRoot = "";
			targets = (
			);
		};
/* End PBXProject section */

/* Begin XCBuildConfiguration section */
		04A7398D1A7A259C0060AA82 /* Debug */ = {
			isa = XCBuildConfiguration;
			buildSettings = {
			};
			name = Debug;
		};
		04A7398E1A7A259C0060AA82 /* Release */ = {
			isa = XCBuildConfiguration;
			buildSettings = {
			};
			name = Release;
		};
/* End XCBuildConfiguration section */

/* Begin XCConfigurationList section */
		04A7398C1A7A259C0060AA82 /* Build configuration list for PBXProject "SMFoundation" */ = {
			isa = XCConfigurationList;
			buildConfigurations = (
				04A7398D1A7A259C0060AA82 /* Debug */,
				04A7398E1A7A259C0060AA82 /* Release */,
			);
			defaultConfigurationIsVisible = 0;
			defaultConfigurationName = Release;
		};
/* End XCConfigurationList section */
	};
	rootObject = 04A739891A7A259C0060AA82 /* Project object */;
}
