// !$*UTF8*$!
{
	archiveVersion = 1;
	classes = {
	};
	objectVersion = 46;
	objects = {

/* Begin PBXBuildFile section */
		04B807E01B2533ED00C0600F /* main.m in Sources */ = {isa = PBXBuildFile; fileRef = 04B807DF1B2533ED00C0600F /* main.m */; };
		04B807E31B2533ED00C0600F /* AppDelegate.m in Sources */ = {isa = PBXBuildFile; fileRef = 04B807E21B2533ED00C0600F /* AppDelegate.m */; };
		04B807E61B2533ED00C0600F /* ViewController.m in Sources */ = {isa = PBXBuildFile; fileRef = 04B807E51B2533ED00C0600F /* ViewController.m */; };
		04B807E91B2533ED00C0600F /* Main.storyboard in Resources */ = {isa = PBXBuildFile; fileRef = 04B807E71B2533ED00C0600F /* Main.storyboard */; };
		04B807EE1B2533ED00C0600F /* LaunchScreen.xib in Resources */ = {isa = PBXBuildFile; fileRef = 04B807EC1B2533ED00C0600F /* LaunchScreen.xib */; };
		04B807FA1B2533ED00C0600F /* SMFoundationTestTests.m in Sources */ = {isa = PBXBuildFile; fileRef = 04B807F91B2533ED00C0600F /* SMFoundationTestTests.m */; };
		04B808081B2536AA00C0600F /* NSString+SMFoundation.m in Sources */ = {isa = PBXBuildFile; fileRef = 04B808051B2536AA00C0600F /* NSString+SMFoundation.m */; };
		04B8080B1B255DDB00C0600F /* README.md in Sources */ = {isa = PBXBuildFile; fileRef = 04B808091B255DDB00C0600F /* README.md */; };
		04B8080C1B255DDB00C0600F /* SMFoundation.podspec in Resources */ = {isa = PBXBuildFile; fileRef = 04B8080A1B255DDB00C0600F /* SMFoundation.podspec */; };
		04B8080F1B2563D100C0600F /* SMBlock.m in Sources */ = {isa = PBXBuildFile; fileRef = 04B8080E1B2563D100C0600F /* SMBlock.m */; };
		04B808151B25797D00C0600F /* UIView+SMFoundation.m in Sources */ = {isa = PBXBuildFile; fileRef = 04B808141B25797D00C0600F /* UIView+SMFoundation.m */; };
		04B808181B257D5D00C0600F /* NSObject+SMFoundation.m in Sources */ = {isa = PBXBuildFile; fileRef = 04B808171B257D5D00C0600F /* NSObject+SMFoundation.m */; };
		04B8081B1B2586B500C0600F /* NSArray+SMFoundation.m in Sources */ = {isa = PBXBuildFile; fileRef = 04B8081A1B2586B500C0600F /* NSArray+SMFoundation.m */; };
		04B8081E1B2587F100C0600F /* NSMutableArray+SMFoundation.m in Sources */ = {isa = PBXBuildFile; fileRef = 04B8081D1B2587F100C0600F /* NSMutableArray+SMFoundation.m */; };
		04B808211B258A3700C0600F /* NSDictionary+SMFoundation.m in Sources */ = {isa = PBXBuildFile; fileRef = 04B808201B258A3700C0600F /* NSDictionary+SMFoundation.m */; };
		04B808241B258C3800C0600F /* UIColor+SMFoundation.m in Sources */ = {isa = PBXBuildFile; fileRef = 04B808231B258C3800C0600F /* UIColor+SMFoundation.m */; };
		04B808271B258CEC00C0600F /* UIImage+SMFoundation.m in Sources */ = {isa = PBXBuildFile; fileRef = 04B808261B258CEC00C0600F /* UIImage+SMFoundation.m */; };
		04B8082A1B25924600C0600F /* UIImageView+SMFoundation.m in Sources */ = {isa = PBXBuildFile; fileRef = 04B808291B25924600C0600F /* UIImageView+SMFoundation.m */; };
		04B8082D1B2592AA00C0600F /* UILabel+SMFoundation.m in Sources */ = {isa = PBXBuildFile; fileRef = 04B8082C1B2592AA00C0600F /* UILabel+SMFoundation.m */; };
		04B808301B2595CF00C0600F /* UITextField+SMFoundation.m in Sources */ = {isa = PBXBuildFile; fileRef = 04B8082F1B2595CF00C0600F /* UITextField+SMFoundation.m */; };
		04B808331B2595E200C0600F /* UITextView+SMFoundation.m in Sources */ = {isa = PBXBuildFile; fileRef = 04B808321B2595E200C0600F /* UITextView+SMFoundation.m */; };
		04B808361B2595FE00C0600F /* NSDate+SMFoundation.m in Sources */ = {isa = PBXBuildFile; fileRef = 04B808351B2595FE00C0600F /* NSDate+SMFoundation.m */; };
		04B808391B25961B00C0600F /* UITableView+SMFoundation.m in Sources */ = {isa = PBXBuildFile; fileRef = 04B808381B25961B00C0600F /* UITableView+SMFoundation.m */; };
		04B8083C1B25965700C0600F /* NSFileManager+SMFoundation.m in Sources */ = {isa = PBXBuildFile; fileRef = 04B8083B1B25965700C0600F /* NSFileManager+SMFoundation.m */; };
		04B8083F1B25967600C0600F /* NSTimer+SMFoundation.m in Sources */ = {isa = PBXBuildFile; fileRef = 04B8083E1B25967600C0600F /* NSTimer+SMFoundation.m */; };
		04B808421B25968400C0600F /* UIApplication+SMFoundation.m in Sources */ = {isa = PBXBuildFile; fileRef = 04B808411B25968400C0600F /* UIApplication+SMFoundation.m */; };
		387A1EB61B42887700EF154F /* UIButton+SMFoundation.m in Sources */ = {isa = PBXBuildFile; fileRef = 387A1EB51B42887700EF154F /* UIButton+SMFoundation.m */; };
		387A1EBC1B428B7B00EF154F /* UIBarButtonItem+SMFoundation.m in Sources */ = {isa = PBXBuildFile; fileRef = 387A1EBB1B428B7B00EF154F /* UIBarButtonItem+SMFoundation.m */; };
		387BD4141D51DC8A00CBA6BD /* UIScreen+SMFoundation.m in Sources */ = {isa = PBXBuildFile; fileRef = 387BD4131D51DC8A00CBA6BD /* UIScreen+SMFoundation.m */; };
		388190EB1D337C4100E63327 /* UIDevice+SMFoundation.m in Sources */ = {isa = PBXBuildFile; fileRef = 388190EA1D337C4100E63327 /* UIDevice+SMFoundation.m */; };
		388190EE1D337C9B00E63327 /* NSBundle+SMFoundation.m in Sources */ = {isa = PBXBuildFile; fileRef = 388190ED1D337C9B00E63327 /* NSBundle+SMFoundation.m */; };
		38EBF4A71B4776E8002A8EE5 /* SMAlertView.m in Sources */ = {isa = PBXBuildFile; fileRef = 38EBF4A61B4776E8002A8EE5 /* SMAlertView.m */; };
		38F99B7F1B65FDF700E235BB /* SMSize.m in Sources */ = {isa = PBXBuildFile; fileRef = 38F99B7E1B65FDF700E235BB /* SMSize.m */; };
		38F99B851B65FE5F00E235BB /* SMPath.m in Sources */ = {isa = PBXBuildFile; fileRef = 38F99B841B65FE5F00E235BB /* SMPath.m */; };
/* End PBXBuildFile section */

/* Begin PBXContainerItemProxy section */
		04B807F41B2533ED00C0600F /* PBXContainerItemProxy */ = {
			isa = PBXContainerItemProxy;
			containerPortal = 04B807D21B2533ED00C0600F /* Project object */;
			proxyType = 1;
			remoteGlobalIDString = 04B807D91B2533ED00C0600F;
			remoteInfo = SMFoundationTest;
		};
/* End PBXContainerItemProxy section */

/* Begin PBXFileReference section */
		04B807DA1B2533ED00C0600F /* SMFoundationTest.app */ = {isa = PBXFileReference; explicitFileType = wrapper.application; includeInIndex = 0; path = SMFoundationTest.app; sourceTree = BUILT_PRODUCTS_DIR; };
		04B807DE1B2533ED00C0600F /* Info.plist */ = {isa = PBXFileReference; lastKnownFileType = text.plist.xml; path = Info.plist; sourceTree = "<group>"; };
		04B807DF1B2533ED00C0600F /* main.m */ = {isa = PBXFileReference; lastKnownFileType = sourcecode.c.objc; path = main.m; sourceTree = "<group>"; };
		04B807E11B2533ED00C0600F /* AppDelegate.h */ = {isa = PBXFileReference; lastKnownFileType = sourcecode.c.h; path = AppDelegate.h; sourceTree = "<group>"; };
		04B807E21B2533ED00C0600F /* AppDelegate.m */ = {isa = PBXFileReference; lastKnownFileType = sourcecode.c.objc; path = AppDelegate.m; sourceTree = "<group>"; };
		04B807E41B2533ED00C0600F /* ViewController.h */ = {isa = PBXFileReference; lastKnownFileType = sourcecode.c.h; path = ViewController.h; sourceTree = "<group>"; };
		04B807E51B2533ED00C0600F /* ViewController.m */ = {isa = PBXFileReference; lastKnownFileType = sourcecode.c.objc; path = ViewController.m; sourceTree = "<group>"; };
		04B807E81B2533ED00C0600F /* Base */ = {isa = PBXFileReference; lastKnownFileType = file.storyboard; name = Base; path = Base.lproj/Main.storyboard; sourceTree = "<group>"; };
		04B807ED1B2533ED00C0600F /* Base */ = {isa = PBXFileReference; lastKnownFileType = file.xib; name = Base; path = Base.lproj/LaunchScreen.xib; sourceTree = "<group>"; };
		04B807F31B2533ED00C0600F /* SMFoundationTestTests.xctest */ = {isa = PBXFileReference; explicitFileType = wrapper.cfbundle; includeInIndex = 0; path = SMFoundationTestTests.xctest; sourceTree = BUILT_PRODUCTS_DIR; };
		04B807F81B2533ED00C0600F /* Info.plist */ = {isa = PBXFileReference; lastKnownFileType = text.plist.xml; path = Info.plist; sourceTree = "<group>"; };
		04B807F91B2533ED00C0600F /* SMFoundationTestTests.m */ = {isa = PBXFileReference; lastKnownFileType = sourcecode.c.objc; path = SMFoundationTestTests.m; sourceTree = "<group>"; };
		04B808041B2536AA00C0600F /* NSString+SMFoundation.h */ = {isa = PBXFileReference; fileEncoding = 4; lastKnownFileType = sourcecode.c.h; name = "NSString+SMFoundation.h"; path = "../SMFoundation/NSString+SMFoundation.h"; sourceTree = "<group>"; };
		04B808051B2536AA00C0600F /* NSString+SMFoundation.m */ = {isa = PBXFileReference; fileEncoding = 4; lastKnownFileType = sourcecode.c.objc; name = "NSString+SMFoundation.m"; path = "../SMFoundation/NSString+SMFoundation.m"; sourceTree = "<group>"; };
		04B808071B2536AA00C0600F /* SMFoundation.h */ = {isa = PBXFileReference; fileEncoding = 4; lastKnownFileType = sourcecode.c.h; name = SMFoundation.h; path = ../SMFoundation/SMFoundation.h; sourceTree = "<group>"; };
		04B808091B255DDB00C0600F /* README.md */ = {isa = PBXFileReference; fileEncoding = 4; lastKnownFileType = net.daringfireball.markdown; name = README.md; path = ../../README.md; sourceTree = "<group>"; };
		04B8080A1B255DDB00C0600F /* SMFoundation.podspec */ = {isa = PBXFileReference; fileEncoding = 4; lastKnownFileType = text; name = SMFoundation.podspec; path = ../../SMFoundation.podspec; sourceTree = "<group>"; };
		04B8080D1B2563D100C0600F /* SMBlock.h */ = {isa = PBXFileReference; fileEncoding = 4; lastKnownFileType = sourcecode.c.h; name = SMBlock.h; path = ../SMFoundation/SMBlock.h; sourceTree = "<group>"; };
		04B8080E1B2563D100C0600F /* SMBlock.m */ = {isa = PBXFileReference; fileEncoding = 4; lastKnownFileType = sourcecode.c.objc; name = SMBlock.m; path = ../SMFoundation/SMBlock.m; sourceTree = "<group>"; };
		04B808131B25797D00C0600F /* UIView+SMFoundation.h */ = {isa = PBXFileReference; fileEncoding = 4; lastKnownFileType = sourcecode.c.h; name = "UIView+SMFoundation.h"; path = "../SMFoundation/UIView+SMFoundation.h"; sourceTree = "<group>"; };
		04B808141B25797D00C0600F /* UIView+SMFoundation.m */ = {isa = PBXFileReference; fileEncoding = 4; lastKnownFileType = sourcecode.c.objc; name = "UIView+SMFoundation.m"; path = "../SMFoundation/UIView+SMFoundation.m"; sourceTree = "<group>"; };
		04B808161B257D5D00C0600F /* NSObject+SMFoundation.h */ = {isa = PBXFileReference; fileEncoding = 4; lastKnownFileType = sourcecode.c.h; name = "NSObject+SMFoundation.h"; path = "../SMFoundation/NSObject+SMFoundation.h"; sourceTree = "<group>"; };
		04B808171B257D5D00C0600F /* NSObject+SMFoundation.m */ = {isa = PBXFileReference; fileEncoding = 4; lastKnownFileType = sourcecode.c.objc; name = "NSObject+SMFoundation.m"; path = "../SMFoundation/NSObject+SMFoundation.m"; sourceTree = "<group>"; };
		04B808191B2586B500C0600F /* NSArray+SMFoundation.h */ = {isa = PBXFileReference; fileEncoding = 4; lastKnownFileType = sourcecode.c.h; name = "NSArray+SMFoundation.h"; path = "../SMFoundation/NSArray+SMFoundation.h"; sourceTree = "<group>"; };
		04B8081A1B2586B500C0600F /* NSArray+SMFoundation.m */ = {isa = PBXFileReference; fileEncoding = 4; lastKnownFileType = sourcecode.c.objc; name = "NSArray+SMFoundation.m"; path = "../SMFoundation/NSArray+SMFoundation.m"; sourceTree = "<group>"; };
		04B8081C1B2587F100C0600F /* NSMutableArray+SMFoundation.h */ = {isa = PBXFileReference; fileEncoding = 4; lastKnownFileType = sourcecode.c.h; name = "NSMutableArray+SMFoundation.h"; path = "../SMFoundation/NSMutableArray+SMFoundation.h"; sourceTree = "<group>"; };
		04B8081D1B2587F100C0600F /* NSMutableArray+SMFoundation.m */ = {isa = PBXFileReference; fileEncoding = 4; lastKnownFileType = sourcecode.c.objc; name = "NSMutableArray+SMFoundation.m"; path = "../SMFoundation/NSMutableArray+SMFoundation.m"; sourceTree = "<group>"; };
		04B8081F1B258A3700C0600F /* NSDictionary+SMFoundation.h */ = {isa = PBXFileReference; fileEncoding = 4; lastKnownFileType = sourcecode.c.h; name = "NSDictionary+SMFoundation.h"; path = "../SMFoundation/NSDictionary+SMFoundation.h"; sourceTree = "<group>"; };
		04B808201B258A3700C0600F /* NSDictionary+SMFoundation.m */ = {isa = PBXFileReference; fileEncoding = 4; lastKnownFileType = sourcecode.c.objc; name = "NSDictionary+SMFoundation.m"; path = "../SMFoundation/NSDictionary+SMFoundation.m"; sourceTree = "<group>"; };
		04B808221B258C3800C0600F /* UIColor+SMFoundation.h */ = {isa = PBXFileReference; fileEncoding = 4; lastKnownFileType = sourcecode.c.h; name = "UIColor+SMFoundation.h"; path = "../SMFoundation/UIColor+SMFoundation.h"; sourceTree = "<group>"; };
		04B808231B258C3800C0600F /* UIColor+SMFoundation.m */ = {isa = PBXFileReference; fileEncoding = 4; lastKnownFileType = sourcecode.c.objc; name = "UIColor+SMFoundation.m"; path = "../SMFoundation/UIColor+SMFoundation.m"; sourceTree = "<group>"; };
		04B808251B258CEC00C0600F /* UIImage+SMFoundation.h */ = {isa = PBXFileReference; fileEncoding = 4; lastKnownFileType = sourcecode.c.h; name = "UIImage+SMFoundation.h"; path = "../SMFoundation/UIImage+SMFoundation.h"; sourceTree = "<group>"; };
		04B808261B258CEC00C0600F /* UIImage+SMFoundation.m */ = {isa = PBXFileReference; fileEncoding = 4; lastKnownFileType = sourcecode.c.objc; name = "UIImage+SMFoundation.m"; path = "../SMFoundation/UIImage+SMFoundation.m"; sourceTree = "<group>"; };
		04B808281B25924500C0600F /* UIImageView+SMFoundation.h */ = {isa = PBXFileReference; fileEncoding = 4; lastKnownFileType = sourcecode.c.h; name = "UIImageView+SMFoundation.h"; path = "../SMFoundation/UIImageView+SMFoundation.h"; sourceTree = "<group>"; };
		04B808291B25924600C0600F /* UIImageView+SMFoundation.m */ = {isa = PBXFileReference; fileEncoding = 4; lastKnownFileType = sourcecode.c.objc; name = "UIImageView+SMFoundation.m"; path = "../SMFoundation/UIImageView+SMFoundation.m"; sourceTree = "<group>"; };
		04B8082B1B2592AA00C0600F /* UILabel+SMFoundation.h */ = {isa = PBXFileReference; fileEncoding = 4; lastKnownFileType = sourcecode.c.h; name = "UILabel+SMFoundation.h"; path = "../SMFoundation/UILabel+SMFoundation.h"; sourceTree = "<group>"; };
		04B8082C1B2592AA00C0600F /* UILabel+SMFoundation.m */ = {isa = PBXFileReference; fileEncoding = 4; lastKnownFileType = sourcecode.c.objc; name = "UILabel+SMFoundation.m"; path = "../SMFoundation/UILabel+SMFoundation.m"; sourceTree = "<group>"; };
		04B8082E1B2595CF00C0600F /* UITextField+SMFoundation.h */ = {isa = PBXFileReference; fileEncoding = 4; lastKnownFileType = sourcecode.c.h; name = "UITextField+SMFoundation.h"; path = "../SMFoundation/UITextField+SMFoundation.h"; sourceTree = "<group>"; };
		04B8082F1B2595CF00C0600F /* UITextField+SMFoundation.m */ = {isa = PBXFileReference; fileEncoding = 4; lastKnownFileType = sourcecode.c.objc; name = "UITextField+SMFoundation.m"; path = "../SMFoundation/UITextField+SMFoundation.m"; sourceTree = "<group>"; };
		04B808311B2595E200C0600F /* UITextView+SMFoundation.h */ = {isa = PBXFileReference; fileEncoding = 4; lastKnownFileType = sourcecode.c.h; name = "UITextView+SMFoundation.h"; path = "../SMFoundation/UITextView+SMFoundation.h"; sourceTree = "<group>"; };
		04B808321B2595E200C0600F /* UITextView+SMFoundation.m */ = {isa = PBXFileReference; fileEncoding = 4; lastKnownFileType = sourcecode.c.objc; name = "UITextView+SMFoundation.m"; path = "../SMFoundation/UITextView+SMFoundation.m"; sourceTree = "<group>"; };
		04B808341B2595FE00C0600F /* NSDate+SMFoundation.h */ = {isa = PBXFileReference; fileEncoding = 4; lastKnownFileType = sourcecode.c.h; name = "NSDate+SMFoundation.h"; path = "../SMFoundation/NSDate+SMFoundation.h"; sourceTree = "<group>"; };
		04B808351B2595FE00C0600F /* NSDate+SMFoundation.m */ = {isa = PBXFileReference; fileEncoding = 4; lastKnownFileType = sourcecode.c.objc; name = "NSDate+SMFoundation.m"; path = "../SMFoundation/NSDate+SMFoundation.m"; sourceTree = "<group>"; };
		04B808371B25961B00C0600F /* UITableView+SMFoundation.h */ = {isa = PBXFileReference; fileEncoding = 4; lastKnownFileType = sourcecode.c.h; name = "UITableView+SMFoundation.h"; path = "../SMFoundation/UITableView+SMFoundation.h"; sourceTree = "<group>"; };
		04B808381B25961B00C0600F /* UITableView+SMFoundation.m */ = {isa = PBXFileReference; fileEncoding = 4; lastKnownFileType = sourcecode.c.objc; name = "UITableView+SMFoundation.m"; path = "../SMFoundation/UITableView+SMFoundation.m"; sourceTree = "<group>"; };
		04B8083A1B25965600C0600F /* NSFileManager+SMFoundation.h */ = {isa = PBXFileReference; fileEncoding = 4; lastKnownFileType = sourcecode.c.h; name = "NSFileManager+SMFoundation.h"; path = "../SMFoundation/NSFileManager+SMFoundation.h"; sourceTree = "<group>"; };
		04B8083B1B25965700C0600F /* NSFileManager+SMFoundation.m */ = {isa = PBXFileReference; fileEncoding = 4; lastKnownFileType = sourcecode.c.objc; name = "NSFileManager+SMFoundation.m"; path = "../SMFoundation/NSFileManager+SMFoundation.m"; sourceTree = "<group>"; };
		04B8083D1B25967600C0600F /* NSTimer+SMFoundation.h */ = {isa = PBXFileReference; fileEncoding = 4; lastKnownFileType = sourcecode.c.h; name = "NSTimer+SMFoundation.h"; path = "../SMFoundation/NSTimer+SMFoundation.h"; sourceTree = "<group>"; };
		04B8083E1B25967600C0600F /* NSTimer+SMFoundation.m */ = {isa = PBXFileReference; fileEncoding = 4; lastKnownFileType = sourcecode.c.objc; name = "NSTimer+SMFoundation.m"; path = "../SMFoundation/NSTimer+SMFoundation.m"; sourceTree = "<group>"; };
		04B808401B25968400C0600F /* UIApplication+SMFoundation.h */ = {isa = PBXFileReference; fileEncoding = 4; lastKnownFileType = sourcecode.c.h; name = "UIApplication+SMFoundation.h"; path = "../SMFoundation/UIApplication+SMFoundation.h"; sourceTree = "<group>"; };
		04B808411B25968400C0600F /* UIApplication+SMFoundation.m */ = {isa = PBXFileReference; fileEncoding = 4; lastKnownFileType = sourcecode.c.objc; name = "UIApplication+SMFoundation.m"; path = "../SMFoundation/UIApplication+SMFoundation.m"; sourceTree = "<group>"; };
		387A1EB41B42887700EF154F /* UIButton+SMFoundation.h */ = {isa = PBXFileReference; fileEncoding = 4; lastKnownFileType = sourcecode.c.h; name = "UIButton+SMFoundation.h"; path = "../SMFoundation/UIButton+SMFoundation.h"; sourceTree = "<group>"; };
		387A1EB51B42887700EF154F /* UIButton+SMFoundation.m */ = {isa = PBXFileReference; fileEncoding = 4; lastKnownFileType = sourcecode.c.objc; name = "UIButton+SMFoundation.m"; path = "../SMFoundation/UIButton+SMFoundation.m"; sourceTree = "<group>"; };
		387A1EBA1B428B7B00EF154F /* UIBarButtonItem+SMFoundation.h */ = {isa = PBXFileReference; fileEncoding = 4; lastKnownFileType = sourcecode.c.h; name = "UIBarButtonItem+SMFoundation.h"; path = "../SMFoundation/UIBarButtonItem+SMFoundation.h"; sourceTree = "<group>"; };
		387A1EBB1B428B7B00EF154F /* UIBarButtonItem+SMFoundation.m */ = {isa = PBXFileReference; fileEncoding = 4; lastKnownFileType = sourcecode.c.objc; name = "UIBarButtonItem+SMFoundation.m"; path = "../SMFoundation/UIBarButtonItem+SMFoundation.m"; sourceTree = "<group>"; };
		387BD4121D51DC8A00CBA6BD /* UIScreen+SMFoundation.h */ = {isa = PBXFileReference; fileEncoding = 4; lastKnownFileType = sourcecode.c.h; name = "UIScreen+SMFoundation.h"; path = "../SMFoundation/UIScreen+SMFoundation.h"; sourceTree = "<group>"; };
		387BD4131D51DC8A00CBA6BD /* UIScreen+SMFoundation.m */ = {isa = PBXFileReference; fileEncoding = 4; lastKnownFileType = sourcecode.c.objc; name = "UIScreen+SMFoundation.m"; path = "../SMFoundation/UIScreen+SMFoundation.m"; sourceTree = "<group>"; };
		388190E91D337C4100E63327 /* UIDevice+SMFoundation.h */ = {isa = PBXFileReference; fileEncoding = 4; lastKnownFileType = sourcecode.c.h; name = "UIDevice+SMFoundation.h"; path = "../SMFoundation/UIDevice+SMFoundation.h"; sourceTree = "<group>"; };
		388190EA1D337C4100E63327 /* UIDevice+SMFoundation.m */ = {isa = PBXFileReference; fileEncoding = 4; lastKnownFileType = sourcecode.c.objc; name = "UIDevice+SMFoundation.m"; path = "../SMFoundation/UIDevice+SMFoundation.m"; sourceTree = "<group>"; };
		388190EC1D337C9B00E63327 /* NSBundle+SMFoundation.h */ = {isa = PBXFileReference; fileEncoding = 4; lastKnownFileType = sourcecode.c.h; name = "NSBundle+SMFoundation.h"; path = "../SMFoundation/NSBundle+SMFoundation.h"; sourceTree = "<group>"; };
		388190ED1D337C9B00E63327 /* NSBundle+SMFoundation.m */ = {isa = PBXFileReference; fileEncoding = 4; lastKnownFileType = sourcecode.c.objc; name = "NSBundle+SMFoundation.m"; path = "../SMFoundation/NSBundle+SMFoundation.m"; sourceTree = "<group>"; };
		38EBF4A51B4776E8002A8EE5 /* SMAlertView.h */ = {isa = PBXFileReference; fileEncoding = 4; lastKnownFileType = sourcecode.c.h; name = SMAlertView.h; path = ../SMFoundation/SMAlertView.h; sourceTree = "<group>"; };
		38EBF4A61B4776E8002A8EE5 /* SMAlertView.m */ = {isa = PBXFileReference; fileEncoding = 4; lastKnownFileType = sourcecode.c.objc; name = SMAlertView.m; path = ../SMFoundation/SMAlertView.m; sourceTree = "<group>"; };
		38F99B7D1B65FDF700E235BB /* SMSize.h */ = {isa = PBXFileReference; fileEncoding = 4; lastKnownFileType = sourcecode.c.h; name = SMSize.h; path = ../SMFoundation/SMSize.h; sourceTree = "<group>"; };
		38F99B7E1B65FDF700E235BB /* SMSize.m */ = {isa = PBXFileReference; fileEncoding = 4; lastKnownFileType = sourcecode.c.objc; name = SMSize.m; path = ../SMFoundation/SMSize.m; sourceTree = "<group>"; };
		38F99B831B65FE5F00E235BB /* SMPath.h */ = {isa = PBXFileReference; fileEncoding = 4; lastKnownFileType = sourcecode.c.h; name = SMPath.h; path = ../SMFoundation/SMPath.h; sourceTree = "<group>"; };
		38F99B841B65FE5F00E235BB /* SMPath.m */ = {isa = PBXFileReference; fileEncoding = 4; lastKnownFileType = sourcecode.c.objc; name = SMPath.m; path = ../SMFoundation/SMPath.m; sourceTree = "<group>"; };
/* End PBXFileReference section */

/* Begin PBXFrameworksBuildPhase section */
		04B807D71B2533ED00C0600F /* Frameworks */ = {
			isa = PBXFrameworksBuildPhase;
			buildActionMask = 2147483647;
			files = (
			);
			runOnlyForDeploymentPostprocessing = 0;
		};
		04B807F01B2533ED00C0600F /* Frameworks */ = {
			isa = PBXFrameworksBuildPhase;
			buildActionMask = 2147483647;
			files = (
			);
			runOnlyForDeploymentPostprocessing = 0;
		};
/* End PBXFrameworksBuildPhase section */

/* Begin PBXGroup section */
		04B807D11B2533ED00C0600F = {
			isa = PBXGroup;
			children = (
				04B808031B25369200C0600F /* SMFoundation */,
				04B807DC1B2533ED00C0600F /* SMFoundationTest */,
				04B807F61B2533ED00C0600F /* SMFoundationTestTests */,
				04B807DB1B2533ED00C0600F /* Products */,
			);
			sourceTree = "<group>";
		};
		04B807DB1B2533ED00C0600F /* Products */ = {
			isa = PBXGroup;
			children = (
				04B807DA1B2533ED00C0600F /* SMFoundationTest.app */,
				04B807F31B2533ED00C0600F /* SMFoundationTestTests.xctest */,
			);
			name = Products;
			sourceTree = "<group>";
		};
		04B807DC1B2533ED00C0600F /* SMFoundationTest */ = {
			isa = PBXGroup;
			children = (
				04B807E11B2533ED00C0600F /* AppDelegate.h */,
				04B807E21B2533ED00C0600F /* AppDelegate.m */,
				04B807E41B2533ED00C0600F /* ViewController.h */,
				04B807E51B2533ED00C0600F /* ViewController.m */,
				04B807E71B2533ED00C0600F /* Main.storyboard */,
				04B807EC1B2533ED00C0600F /* LaunchScreen.xib */,
				04B807DD1B2533ED00C0600F /* Supporting Files */,
			);
			path = SMFoundationTest;
			sourceTree = "<group>";
		};
		04B807DD1B2533ED00C0600F /* Supporting Files */ = {
			isa = PBXGroup;
			children = (
				04B808091B255DDB00C0600F /* README.md */,
				04B8080A1B255DDB00C0600F /* SMFoundation.podspec */,
				04B807DE1B2533ED00C0600F /* Info.plist */,
				04B807DF1B2533ED00C0600F /* main.m */,
			);
			name = "Supporting Files";
			sourceTree = "<group>";
		};
		04B807F61B2533ED00C0600F /* SMFoundationTestTests */ = {
			isa = PBXGroup;
			children = (
				04B807F91B2533ED00C0600F /* SMFoundationTestTests.m */,
				04B807F71B2533ED00C0600F /* Supporting Files */,
			);
			path = SMFoundationTestTests;
			sourceTree = "<group>";
		};
		04B807F71B2533ED00C0600F /* Supporting Files */ = {
			isa = PBXGroup;
			children = (
				04B807F81B2533ED00C0600F /* Info.plist */,
			);
			name = "Supporting Files";
			sourceTree = "<group>";
		};
		04B808031B25369200C0600F /* SMFoundation */ = {
			isa = PBXGroup;
			children = (
				04B808161B257D5D00C0600F /* NSObject+SMFoundation.h */,
				04B808171B257D5D00C0600F /* NSObject+SMFoundation.m */,
				04B808041B2536AA00C0600F /* NSString+SMFoundation.h */,
				04B808051B2536AA00C0600F /* NSString+SMFoundation.m */,
				04B808191B2586B500C0600F /* NSArray+SMFoundation.h */,
				04B8081A1B2586B500C0600F /* NSArray+SMFoundation.m */,
				04B8081C1B2587F100C0600F /* NSMutableArray+SMFoundation.h */,
				04B8081D1B2587F100C0600F /* NSMutableArray+SMFoundation.m */,
				04B8081F1B258A3700C0600F /* NSDictionary+SMFoundation.h */,
				04B808201B258A3700C0600F /* NSDictionary+SMFoundation.m */,
				04B808341B2595FE00C0600F /* NSDate+SMFoundation.h */,
				04B808351B2595FE00C0600F /* NSDate+SMFoundation.m */,
				04B8083A1B25965600C0600F /* NSFileManager+SMFoundation.h */,
				04B8083B1B25965700C0600F /* NSFileManager+SMFoundation.m */,
				04B8083D1B25967600C0600F /* NSTimer+SMFoundation.h */,
				04B8083E1B25967600C0600F /* NSTimer+SMFoundation.m */,
				04B808131B25797D00C0600F /* UIView+SMFoundation.h */,
				04B808141B25797D00C0600F /* UIView+SMFoundation.m */,
				04B808221B258C3800C0600F /* UIColor+SMFoundation.h */,
				04B808231B258C3800C0600F /* UIColor+SMFoundation.m */,
				04B808251B258CEC00C0600F /* UIImage+SMFoundation.h */,
				04B808261B258CEC00C0600F /* UIImage+SMFoundation.m */,
				04B808281B25924500C0600F /* UIImageView+SMFoundation.h */,
				04B808291B25924600C0600F /* UIImageView+SMFoundation.m */,
				04B8082B1B2592AA00C0600F /* UILabel+SMFoundation.h */,
				04B8082C1B2592AA00C0600F /* UILabel+SMFoundation.m */,
				04B8082E1B2595CF00C0600F /* UITextField+SMFoundation.h */,
				04B8082F1B2595CF00C0600F /* UITextField+SMFoundation.m */,
				04B808311B2595E200C0600F /* UITextView+SMFoundation.h */,
				04B808321B2595E200C0600F /* UITextView+SMFoundation.m */,
				04B808371B25961B00C0600F /* UITableView+SMFoundation.h */,
				04B808381B25961B00C0600F /* UITableView+SMFoundation.m */,
				387A1EB41B42887700EF154F /* UIButton+SMFoundation.h */,
				387A1EB51B42887700EF154F /* UIButton+SMFoundation.m */,
				387A1EBA1B428B7B00EF154F /* UIBarButtonItem+SMFoundation.h */,
				387A1EBB1B428B7B00EF154F /* UIBarButtonItem+SMFoundation.m */,
				04B808401B25968400C0600F /* UIApplication+SMFoundation.h */,
				04B808411B25968400C0600F /* UIApplication+SMFoundation.m */,
				388190E91D337C4100E63327 /* UIDevice+SMFoundation.h */,
				388190EA1D337C4100E63327 /* UIDevice+SMFoundation.m */,
				388190EC1D337C9B00E63327 /* NSBundle+SMFoundation.h */,
				388190ED1D337C9B00E63327 /* NSBundle+SMFoundation.m */,
				387BD4121D51DC8A00CBA6BD /* UIScreen+SMFoundation.h */,
				387BD4131D51DC8A00CBA6BD /* UIScreen+SMFoundation.m */,
				38EBF4A51B4776E8002A8EE5 /* SMAlertView.h */,
				38EBF4A61B4776E8002A8EE5 /* SMAlertView.m */,
				04B8080D1B2563D100C0600F /* SMBlock.h */,
				04B8080E1B2563D100C0600F /* SMBlock.m */,
				38F99B7D1B65FDF700E235BB /* SMSize.h */,
				38F99B7E1B65FDF700E235BB /* SMSize.m */,
				38F99B831B65FE5F00E235BB /* SMPath.h */,
				38F99B841B65FE5F00E235BB /* SMPath.m */,
				04B808071B2536AA00C0600F /* SMFoundation.h */,
			);
			name = SMFoundation;
			sourceTree = "<group>";
		};
/* End PBXGroup section */

/* Begin PBXNativeTarget section */
		04B807D91B2533ED00C0600F /* SMFoundationTest */ = {
			isa = PBXNativeTarget;
			buildConfigurationList = 04B807FD1B2533ED00C0600F /* Build configuration list for PBXNativeTarget "SMFoundationTest" */;
			buildPhases = (
				04B807D61B2533ED00C0600F /* Sources */,
				04B807D71B2533ED00C0600F /* Frameworks */,
				04B807D81B2533ED00C0600F /* Resources */,
			);
			buildRules = (
			);
			dependencies = (
			);
			name = SMFoundationTest;
			productName = SMFoundationTest;
			productReference = 04B807DA1B2533ED00C0600F /* SMFoundationTest.app */;
			productType = "com.apple.product-type.application";
		};
		04B807F21B2533ED00C0600F /* SMFoundationTestTests */ = {
			isa = PBXNativeTarget;
			buildConfigurationList = 04B808001B2533ED00C0600F /* Build configuration list for PBXNativeTarget "SMFoundationTestTests" */;
			buildPhases = (
				04B807EF1B2533ED00C0600F /* Sources */,
				04B807F01B2533ED00C0600F /* Frameworks */,
				04B807F11B2533ED00C0600F /* Resources */,
			);
			buildRules = (
			);
			dependencies = (
				04B807F51B2533ED00C0600F /* PBXTargetDependency */,
			);
			name = SMFoundationTestTests;
			productName = SMFoundationTestTests;
			productReference = 04B807F31B2533ED00C0600F /* SMFoundationTestTests.xctest */;
			productType = "com.apple.product-type.bundle.unit-test";
		};
/* End PBXNativeTarget section */

/* Begin PBXProject section */
		04B807D21B2533ED00C0600F /* Project object */ = {
			isa = PBXProject;
			attributes = {
				LastUpgradeCheck = 0730;
				ORGANIZATIONNAME = study_sun;
				TargetAttributes = {
					04B807D91B2533ED00C0600F = {
						CreatedOnToolsVersion = 6.3.2;
						DevelopmentTeam = K89RQ3A2PQ;
					};
					04B807F21B2533ED00C0600F = {
						CreatedOnToolsVersion = 6.3.2;
						TestTargetID = 04B807D91B2533ED00C0600F;
					};
				};
			};
			buildConfigurationList = 04B807D51B2533ED00C0600F /* Build configuration list for PBXProject "SMFoundationTest" */;
			compatibilityVersion = "Xcode 3.2";
			developmentRegion = English;
			hasScannedForEncodings = 0;
			knownRegions = (
				en,
				Base,
			);
			mainGroup = 04B807D11B2533ED00C0600F;
			productRefGroup = 04B807DB1B2533ED00C0600F /* Products */;
			projectDirPath = "";
			projectRoot = "";
			targets = (
				04B807D91B2533ED00C0600F /* SMFoundationTest */,
				04B807F21B2533ED00C0600F /* SMFoundationTestTests */,
			);
		};
/* End PBXProject section */

/* Begin PBXResourcesBuildPhase section */
		04B807D81B2533ED00C0600F /* Resources */ = {
			isa = PBXResourcesBuildPhase;
			buildActionMask = 2147483647;
			files = (
				04B807E91B2533ED00C0600F /* Main.storyboard in Resources */,
				04B807EE1B2533ED00C0600F /* LaunchScreen.xib in Resources */,
				04B8080C1B255DDB00C0600F /* SMFoundation.podspec in Resources */,
			);
			runOnlyForDeploymentPostprocessing = 0;
		};
		04B807F11B2533ED00C0600F /* Resources */ = {
			isa = PBXResourcesBuildPhase;
			buildActionMask = 2147483647;
			files = (
			);
			runOnlyForDeploymentPostprocessing = 0;
		};
/* End PBXResourcesBuildPhase section */

/* Begin PBXSourcesBuildPhase section */
		04B807D61B2533ED00C0600F /* Sources */ = {
			isa = PBXSourcesBuildPhase;
			buildActionMask = 2147483647;
			files = (
				388190EB1D337C4100E63327 /* UIDevice+SMFoundation.m in Sources */,
				04B8081E1B2587F100C0600F /* NSMutableArray+SMFoundation.m in Sources */,
				387A1EBC1B428B7B00EF154F /* UIBarButtonItem+SMFoundation.m in Sources */,
				04B808081B2536AA00C0600F /* NSString+SMFoundation.m in Sources */,
				04B807E61B2533ED00C0600F /* ViewController.m in Sources */,
				387BD4141D51DC8A00CBA6BD /* UIScreen+SMFoundation.m in Sources */,
				04B808331B2595E200C0600F /* UITextView+SMFoundation.m in Sources */,
				388190EE1D337C9B00E63327 /* NSBundle+SMFoundation.m in Sources */,
				04B8083F1B25967600C0600F /* NSTimer+SMFoundation.m in Sources */,
				387A1EB61B42887700EF154F /* UIButton+SMFoundation.m in Sources */,
				04B8080B1B255DDB00C0600F /* README.md in Sources */,
				04B8080F1B2563D100C0600F /* SMBlock.m in Sources */,
				04B808181B257D5D00C0600F /* NSObject+SMFoundation.m in Sources */,
				04B8081B1B2586B500C0600F /* NSArray+SMFoundation.m in Sources */,
				04B8082A1B25924600C0600F /* UIImageView+SMFoundation.m in Sources */,
				04B8083C1B25965700C0600F /* NSFileManager+SMFoundation.m in Sources */,
				38F99B851B65FE5F00E235BB /* SMPath.m in Sources */,
				38F99B7F1B65FDF700E235BB /* SMSize.m in Sources */,
				04B808391B25961B00C0600F /* UITableView+SMFoundation.m in Sources */,
				04B807E31B2533ED00C0600F /* AppDelegate.m in Sources */,
				04B808241B258C3800C0600F /* UIColor+SMFoundation.m in Sources */,
				38EBF4A71B4776E8002A8EE5 /* SMAlertView.m in Sources */,
				04B808211B258A3700C0600F /* NSDictionary+SMFoundation.m in Sources */,
				04B808271B258CEC00C0600F /* UIImage+SMFoundation.m in Sources */,
				04B807E01B2533ED00C0600F /* main.m in Sources */,
				04B8082D1B2592AA00C0600F /* UILabel+SMFoundation.m in Sources */,
				04B808361B2595FE00C0600F /* NSDate+SMFoundation.m in Sources */,
				04B808301B2595CF00C0600F /* UITextField+SMFoundation.m in Sources */,
				04B808151B25797D00C0600F /* UIView+SMFoundation.m in Sources */,
				04B808421B25968400C0600F /* UIApplication+SMFoundation.m in Sources */,
			);
			runOnlyForDeploymentPostprocessing = 0;
		};
		04B807EF1B2533ED00C0600F /* Sources */ = {
			isa = PBXSourcesBuildPhase;
			buildActionMask = 2147483647;
			files = (
				04B807FA1B2533ED00C0600F /* SMFoundationTestTests.m in Sources */,
			);
			runOnlyForDeploymentPostprocessing = 0;
		};
/* End PBXSourcesBuildPhase section */

/* Begin PBXTargetDependency section */
		04B807F51B2533ED00C0600F /* PBXTargetDependency */ = {
			isa = PBXTargetDependency;
			target = 04B807D91B2533ED00C0600F /* SMFoundationTest */;
			targetProxy = 04B807F41B2533ED00C0600F /* PBXContainerItemProxy */;
		};
/* End PBXTargetDependency section */

/* Begin PBXVariantGroup section */
		04B807E71B2533ED00C0600F /* Main.storyboard */ = {
			isa = PBXVariantGroup;
			children = (
				04B807E81B2533ED00C0600F /* Base */,
			);
			name = Main.storyboard;
			sourceTree = "<group>";
		};
		04B807EC1B2533ED00C0600F /* LaunchScreen.xib */ = {
			isa = PBXVariantGroup;
			children = (
				04B807ED1B2533ED00C0600F /* Base */,
			);
			name = LaunchScreen.xib;
			sourceTree = "<group>";
		};
/* End PBXVariantGroup section */

/* Begin XCBuildConfiguration section */
		04B807FB1B2533ED00C0600F /* Debug */ = {
			isa = XCBuildConfiguration;
			buildSettings = {
				ALWAYS_SEARCH_USER_PATHS = NO;
				CLANG_CXX_LANGUAGE_STANDARD = "gnu++0x";
				CLANG_CXX_LIBRARY = "libc++";
				CLANG_ENABLE_MODULES = YES;
				CLANG_ENABLE_OBJC_ARC = YES;
				CLANG_WARN_BOOL_CONVERSION = YES;
				CLANG_WARN_CONSTANT_CONVERSION = YES;
				CLANG_WARN_DIRECT_OBJC_ISA_USAGE = YES_ERROR;
				CLANG_WARN_EMPTY_BODY = YES;
				CLANG_WARN_ENUM_CONVERSION = YES;
				CLANG_WARN_INT_CONVERSION = YES;
				CLANG_WARN_OBJC_ROOT_CLASS = YES_ERROR;
				CLANG_WARN_UNREACHABLE_CODE = YES;
				CLANG_WARN__DUPLICATE_METHOD_MATCH = YES;
				"CODE_SIGN_IDENTITY[sdk=iphoneos*]" = "iPhone Developer";
				COPY_PHASE_STRIP = NO;
				DEBUG_INFORMATION_FORMAT = "dwarf-with-dsym";
				ENABLE_STRICT_OBJC_MSGSEND = YES;
				ENABLE_TESTABILITY = YES;
				GCC_C_LANGUAGE_STANDARD = gnu99;
				GCC_DYNAMIC_NO_PIC = NO;
				GCC_NO_COMMON_BLOCKS = YES;
				GCC_OPTIMIZATION_LEVEL = 0;
				GCC_PREPROCESSOR_DEFINITIONS = (
					"DEBUG=1",
					"$(inherited)",
				);
				GCC_SYMBOLS_PRIVATE_EXTERN = NO;
				GCC_WARN_64_TO_32_BIT_CONVERSION = YES;
				GCC_WARN_ABOUT_RETURN_TYPE = YES_ERROR;
				GCC_WARN_UNDECLARED_SELECTOR = YES;
				GCC_WARN_UNINITIALIZED_AUTOS = YES_AGGRESSIVE;
				GCC_WARN_UNUSED_FUNCTION = YES;
				GCC_WARN_UNUSED_VARIABLE = YES;
				IPHONEOS_DEPLOYMENT_TARGET = 8.3;
				MTL_ENABLE_DEBUG_INFO = YES;
				ONLY_ACTIVE_ARCH = YES;
				SDKROOT = iphoneos;
			};
			name = Debug;
		};
		04B807FC1B2533ED00C0600F /* Release */ = {
			isa = XCBuildConfiguration;
			buildSettings = {
				ALWAYS_SEARCH_USER_PATHS = NO;
				CLANG_CXX_LANGUAGE_STANDARD = "gnu++0x";
				CLANG_CXX_LIBRARY = "libc++";
				CLANG_ENABLE_MODULES = YES;
				CLANG_ENABLE_OBJC_ARC = YES;
				CLANG_WARN_BOOL_CONVERSION = YES;
				CLANG_WARN_CONSTANT_CONVERSION = YES;
				CLANG_WARN_DIRECT_OBJC_ISA_USAGE = YES_ERROR;
				CLANG_WARN_EMPTY_BODY = YES;
				CLANG_WARN_ENUM_CONVERSION = YES;
				CLANG_WARN_INT_CONVERSION = YES;
				CLANG_WARN_OBJC_ROOT_CLASS = YES_ERROR;
				CLANG_WARN_UNREACHABLE_CODE = YES;
				CLANG_WARN__DUPLICATE_METHOD_MATCH = YES;
				"CODE_SIGN_IDENTITY[sdk=iphoneos*]" = "iPhone Developer";
				COPY_PHASE_STRIP = NO;
				DEBUG_INFORMATION_FORMAT = "dwarf-with-dsym";
				ENABLE_NS_ASSERTIONS = NO;
				ENABLE_STRICT_OBJC_MSGSEND = YES;
				GCC_C_LANGUAGE_STANDARD = gnu99;
				GCC_NO_COMMON_BLOCKS = YES;
				GCC_WARN_64_TO_32_BIT_CONVERSION = YES;
				GCC_WARN_ABOUT_RETURN_TYPE = YES_ERROR;
				GCC_WARN_UNDECLARED_SELECTOR = YES;
				GCC_WARN_UNINITIALIZED_AUTOS = YES_AGGRESSIVE;
				GCC_WARN_UNUSED_FUNCTION = YES;
				GCC_WARN_UNUSED_VARIABLE = YES;
				IPHONEOS_DEPLOYMENT_TARGET = 8.3;
				MTL_ENABLE_DEBUG_INFO = NO;
				SDKROOT = iphoneos;
				VALIDATE_PRODUCT = YES;
			};
			name = Release;
		};
		04B807FE1B2533ED00C0600F /* Debug */ = {
			isa = XCBuildConfiguration;
			buildSettings = {
				DEVELOPMENT_TEAM = K89RQ3A2PQ;
				INFOPLIST_FILE = SMFoundationTest/Info.plist;
				IPHONEOS_DEPLOYMENT_TARGET = 7.0;
				LD_RUNPATH_SEARCH_PATHS = "$(inherited) @executable_path/Frameworks";
				PRODUCT_BUNDLE_IDENTIFIER = "com.yourcompany.$(PRODUCT_NAME:rfc1034identifier)";
				PRODUCT_NAME = "$(TARGET_NAME)";
			};
			name = Debug;
		};
		04B807FF1B2533ED00C0600F /* Release */ = {
			isa = XCBuildConfiguration;
			buildSettings = {
				DEVELOPMENT_TEAM = K89RQ3A2PQ;
				INFOPLIST_FILE = SMFoundationTest/Info.plist;
				IPHONEOS_DEPLOYMENT_TARGET = 7.0;
				LD_RUNPATH_SEARCH_PATHS = "$(inherited) @executable_path/Frameworks";
				PRODUCT_BUNDLE_IDENTIFIER = "com.yourcompany.$(PRODUCT_NAME:rfc1034identifier)";
				PRODUCT_NAME = "$(TARGET_NAME)";
			};
			name = Release;
		};
		04B808011B2533ED00C0600F /* Debug */ = {
			isa = XCBuildConfiguration;
			buildSettings = {
				BUNDLE_LOADER = "$(TEST_HOST)";
				FRAMEWORK_SEARCH_PATHS = (
					"$(SDKROOT)/Developer/Library/Frameworks",
					"$(inherited)",
				);
				GCC_PREPROCESSOR_DEFINITIONS = (
					"DEBUG=1",
					"$(inherited)",
				);
				INFOPLIST_FILE = SMFoundationTestTests/Info.plist;
				LD_RUNPATH_SEARCH_PATHS = "$(inherited) @executable_path/Frameworks @loader_path/Frameworks";
				PRODUCT_BUNDLE_IDENTIFIER = "com.yourcompany.$(PRODUCT_NAME:rfc1034identifier)";
				PRODUCT_NAME = "$(TARGET_NAME)";
				TEST_HOST = "$(BUILT_PRODUCTS_DIR)/SMFoundationTest.app/SMFoundationTest";
			};
			name = Debug;
		};
		04B808021B2533ED00C0600F /* Release */ = {
			isa = XCBuildConfiguration;
			buildSettings = {
				BUNDLE_LOADER = "$(TEST_HOST)";
				FRAMEWORK_SEARCH_PATHS = (
					"$(SDKROOT)/Developer/Library/Frameworks",
					"$(inherited)",
				);
				INFOPLIST_FILE = SMFoundationTestTests/Info.plist;
				LD_RUNPATH_SEARCH_PATHS = "$(inherited) @executable_path/Frameworks @loader_path/Frameworks";
				PRODUCT_BUNDLE_IDENTIFIER = "com.yourcompany.$(PRODUCT_NAME:rfc1034identifier)";
				PRODUCT_NAME = "$(TARGET_NAME)";
				TEST_HOST = "$(BUILT_PRODUCTS_DIR)/SMFoundationTest.app/SMFoundationTest";
			};
			name = Release;
		};
/* End XCBuildConfiguration section */

/* Begin XCConfigurationList section */
		04B807D51B2533ED00C0600F /* Build configuration list for PBXProject "SMFoundationTest" */ = {
			isa = XCConfigurationList;
			buildConfigurations = (
				04B807FB1B2533ED00C0600F /* Debug */,
				04B807FC1B2533ED00C0600F /* Release */,
			);
			defaultConfigurationIsVisible = 0;
			defaultConfigurationName = Release;
		};
		04B807FD1B2533ED00C0600F /* Build configuration list for PBXNativeTarget "SMFoundationTest" */ = {
			isa = XCConfigurationList;
			buildConfigurations = (
				04B807FE1B2533ED00C0600F /* Debug */,
				04B807FF1B2533ED00C0600F /* Release */,
			);
			defaultConfigurationIsVisible = 0;
			defaultConfigurationName = Release;
		};
		04B808001B2533ED00C0600F /* Build configuration list for PBXNativeTarget "SMFoundationTestTests" */ = {
			isa = XCConfigurationList;
			buildConfigurations = (
				04B808011B2533ED00C0600F /* Debug */,
				04B808021B2533ED00C0600F /* Release */,
			);
			defaultConfigurationIsVisible = 0;
			defaultConfigurationName = Release;
		};
/* End XCConfigurationList section */
	};
	rootObject = 04B807D21B2533ED00C0600F /* Project object */;
}
